
Microsoft Visual Studio Solution File, Format Version 12.00
# Visual Studio Version 17
VisualStudioVersion = 17.9.34622.214
MinimumVisualStudioVersion = 10.0.40219.1
Project("{FAE04EC0-301F-11D3-BF4B-00C04F79EFBC}") = "Api_Rest_Devolucion_Lista", "Api_Rest_Devolucion_Lista\Api_Rest_Devolucion_Lista.csproj", "{611D2AC9-73E5-4323-BAF7-747DA7D7F9B2}"
EndProject
Global
	GlobalSection(SolutionConfigurationPlatforms) = preSolution
		Debug|Any CPU = Debug|Any CPU
		Release|Any CPU = Release|Any CPU
	EndGlobalSection
	GlobalSection(ProjectConfigurationPlatforms) = postSolution
		{611D2AC9-73E5-4323-BAF7-747DA7D7F9B2}.Debug|Any CPU.ActiveCfg = Debug|Any CPU
		{611D2AC9-73E5-4323-BAF7-747DA7D7F9B2}.Debug|Any CPU.Build.0 = Debug|Any CPU
		{611D2AC9-73E5-4323-BAF7-747DA7D7F9B2}.Release|Any CPU.ActiveCfg = Release|Any CPU
		{611D2AC9-73E5-4323-BAF7-747DA7D7F9B2}.Release|Any CPU.Build.0 = Release|Any CPU
	EndGlobalSection
	GlobalSection(SolutionProperties) = preSolution
		HideSolutionNode = FALSE
	EndGlobalSection
	GlobalSection(ExtensibilityGlobals) = postSolution
		SolutionGuid = {B1CD994E-CCD1-4842-B42F-5C6DAC850B9D}
	EndGlobalSection
EndGlobal
